{
  "version": 1,
  "dependencies": {
    "net10.0-windows7.0": {
      "BepuPhysics": {
        "type": "Direct",
        "requested": "[2.5.0-beta.22, )",
        "resolved": "2.5.0-beta.22",
        "contentHash": "5IUdt8tI+B3NmlzgZYF+j1s83rtLlZ8U6Wwodgd+yu7IC5PqYCcJYFyhordZS3VKBJNbGrjyxGV00s6RSFsqPg==",
        "dependencies": {
          "BepuUtilities": "2.5.0-beta.22"
        }
      },
      "DalamudPackager": {
        "type": "Direct",
        "requested": "[15.0.0, )",
        "resolved": "15.0.0",
        "contentHash": "411vwC8/X8Z/sQ2TI6v3SvOn66xFPeOjFn3Zn+h0d3Ox2t1kFm66AhDvmx/qcMwVrR+Hidxj0dadpQ2dgyXMBQ=="
      },
      "DotNet.ReproducibleBuilds": {
        "type": "Direct",
        "requested": "[1.2.39, )",
        "resolved": "1.2.39",
        "contentHash": "fcFN01tDTIQqDuTwr1jUQK/geofiwjG5DycJQOnC72i1SsLAk1ELe+apBOuZ11UMQG8YKFZG1FgvjZPbqHyatg=="
      },
      "LuminaSupplemental.Excel": {
        "type": "Direct",
        "requested": "[4.3.7, )",
        "resolved": "4.3.7",
        "contentHash": "f/eJ1yg8x6FaqPnRmF6vTsdgKXKxAJpHC4byTWYKG8bktZOvBlYpDyZS5n7hbT9vUiJveuxhiEQJKnwVY76nCQ==",
        "dependencies": {
          "CSVFile": "3.2.1",
          "CsvHelper": "30.0.1",
          "Sylvan.Data.Csv": "1.4.3"
        }
      },
      "Silk.NET.Direct3D11": {
        "type": "Direct",
        "requested": "[2.21.0, )",
        "resolved": "2.21.0",
        "contentHash": "PFOIzXdvJ6REPpRnmWmGfRhNLED6qdXoEGHlwTisd1K7zJVnA65u18AbqQDq61r36IXvPmUOD+ECfxiBMRkaSQ==",
        "dependencies": {
          "Silk.NET.Core": "2.21.0",
          "Silk.NET.DXGI": "2.21.0"
        }
      },
      "BepuUtilities": {
        "type": "Transitive",
        "resolved": "2.5.0-beta.22",
        "contentHash": "UMra8NdnA/Jqw7PfofgeOCGTzcUbLKuRDGYNAMWsS39D6NGojZz1srXxzShhnhiA+/HiVVZItTKmNmgwiUbiIw=="
      },
      "CSVFile": {
        "type": "Transitive",
        "resolved": "3.2.1",
        "contentHash": "hXWPP7BGA8DS+UxdDEjAsLPdo6OUiCdaCiprxuRxpTy3nwI9DqwNWxaC5imfyD3kCb9/S2mW35s7f08uaokTUA=="
      },
      "CsvHelper": {
        "type": "Transitive",
        "resolved": "30.0.1",
        "contentHash": "rcZtgbWR+As4G3Vpgx0AMNmShGuQLFjkHAPIIflzrfkJCx8/AOd4m96ZRmiU1Wi39qS5UVjV0P8qdgqOo5Cwyg=="
      },
      "Microsoft.DotNet.PlatformAbstractions": {
        "type": "Transitive",
        "resolved": "3.1.6",
        "contentHash": "jek4XYaQ/PGUwDKKhwR8K47Uh1189PFzMeLqO83mXrXQVIpARZCcfuDedH50YDTepBkfijCZN5U/vZi++erxtg=="
      },
      "Microsoft.Extensions.DependencyModel": {
        "type": "Transitive",
        "resolved": "8.0.0",
        "contentHash": "NSmDw3K0ozNDgShSIpsZcbFIzBX4w28nDag+TfaQujkXGazBm+lid5onlWoCBy4VsLxqnnKjEBbGSJVWJMf43g=="
      },
      "Silk.NET.Core": {
        "type": "Transitive",
        "resolved": "2.21.0",
        "contentHash": "U8gATeEGvSIc1ogSdG/LKr6SLgOjkis7Oo/QzCq+aOoGjw4tHYRVpm02V+pHp/qlQhziBbdQ/Vl5d58cmFY+PA==",
        "dependencies": {
          "Microsoft.DotNet.PlatformAbstractions": "3.1.6",
          "Microsoft.Extensions.DependencyModel": "8.0.0"
        }
      },
      "Silk.NET.DXGI": {
        "type": "Transitive",
        "resolved": "2.21.0",
        "contentHash": "4sUH4Kr+XFmmQyHmNS8EEEM5MfrVS/Z9TfdW3rzVtv2q8aJ7MW6nmKVKGucc75pSvWCM9txApUWS6H2qBL60Qw==",
        "dependencies": {
          "Silk.NET.Core": "2.21.0",
          "Silk.NET.Maths": "2.21.0"
        }
      },
      "Silk.NET.Maths": {
        "type": "Transitive",
        "resolved": "2.21.0",
        "contentHash": "1Hv05KJmKXzzlp3+nFHl2A8yaugGkAj0gCSOaSsLFNFnwuLUIKLBGaC6y23JgGYnK+1t1DS40oPOquHQPI06rg=="
      },
      "Sylvan.Data.Csv": {
        "type": "Transitive",
        "resolved": "1.4.3",
        "contentHash": "ZUFTqs5doO9aGrR2g0tjASSfxaMUnsxRBXCYFvDRn74XfIc0PUZ0FYRbI3Yu/4W/IFc/DBKH30OOeZ2xGqGyFQ=="
      }
    }
  }
}